{
  "nodes": {
    "brew-src": {
      "flake": false,
      "locked": {
        "lastModified": 1758543057,
        "narHash": "sha256-lw3V2jOGYphUFHYQ5oARcb6urlbNpUCLJy1qhsGdUmc=",
        "owner": "Homebrew",
        "repo": "brew",
        "rev": "5b236456eb93133c2bd0d60ef35ed63f1c0712f6",
        "type": "github"
      },
      "original": {
        "owner": "Homebrew",
        "ref": "4.6.12",
        "repo": "brew",
        "type": "github"
      }
    },
    "darwin": {
      "inputs": {
        "nixpkgs": [
          "nixpkgs"
        ]
      },
      "locked": {
        "lastModified": 1760338583,
        "narHash": "sha256-IGwy02SH5K2hzIFrKMRsCmyvwOwWxrcquiv4DbKL1S4=",
        "owner": "LnL7",
        "repo": "nix-darwin",
        "rev": "9a9ab01072f78823ca627ae5e895e40d493c3ecf",
        "type": "github"
      },
      "original": {
        "owner": "LnL7",
        "ref": "master",
        "repo": "nix-darwin",
        "type": "github"
      }
    },
    "disko": {
      "inputs": {
        "nixpkgs": [
          "nixpkgs"
        ]
      },
      "locked": {
        "lastModified": 1758287904,
        "narHash": "sha256-IGmaEf3Do8o5Cwp1kXBN1wQmZwQN3NLfq5t4nHtVtcU=",
        "owner": "nix-community",
        "repo": "disko",
        "rev": "67ff9807dd148e704baadbd4fd783b54282ca627",
        "type": "github"
      },
      "original": {
        "owner": "nix-community",
        "repo": "disko",
        "type": "github"
      }
    },
    "fjordlauncher": {
      "inputs": {
        "libnbtplusplus": "libnbtplusplus",
        "nixpkgs": [
          "nixpkgs"
        ]
      },
      "locked": {
        "lastModified": 1756779426,
        "narHash": "sha256-JFFqX6Wq+OGlgCs0jxhG/aMQu/L1y5wMMp3E8lgMjio=",
        "owner": "unmojang",
        "repo": "FjordLauncher",
        "rev": "5bdbcf3b6d42736e1070a7baa7d4237caaae2dfb",
        "type": "github"
      },
      "original": {
        "owner": "unmojang",
        "repo": "FjordLauncher",
        "type": "github"
      }
    },
    "flake-parts": {
      "inputs": {
        "nixpkgs-lib": [
          "nur",
          "nixpkgs"
        ]
      },
      "locked": {
        "lastModified": 1733312601,
        "narHash": "sha256-4pDvzqnegAfRkPwO3wmwBhVi/Sye1mzps0zHWYnP88c=",
        "owner": "hercules-ci",
        "repo": "flake-parts",
        "rev": "205b12d8b7cd4802fbcb8e8ef6a0f1408781a4f9",
        "type": "github"
      },
      "original": {
        "owner": "hercules-ci",
        "repo": "flake-parts",
        "type": "github"
      }
    },
    "home-manager": {
      "inputs": {
        "nixpkgs": [
          "nixpkgs"
        ]
      },
      "locked": {
        "lastModified": 1760462439,
        "narHash": "sha256-bks3rTsKGlqehk4l7rViIg2lBnUsY6we22O+ecRZB/c=",
        "owner": "nix-community",
        "repo": "home-manager",
        "rev": "990e5ce6791ff1f497a61280a82eb66e3789e0e9",
        "type": "github"
      },
      "original": {
        "owner": "nix-community",
        "repo": "home-manager",
        "type": "github"
      }
    },
    "home-manager_2": {
      "inputs": {
        "nixpkgs": [
          "zen-browser",
          "nixpkgs"
        ]
      },
      "locked": {
        "lastModified": 1752603129,
        "narHash": "sha256-S+wmHhwNQ5Ru689L2Gu8n1OD6s9eU9n9mD827JNR+kw=",
        "owner": "nix-community",
        "repo": "home-manager",
        "rev": "e8c19a3cec2814c754f031ab3ae7316b64da085b",
        "type": "github"
      },
      "original": {
        "owner": "nix-community",
        "repo": "home-manager",
        "type": "github"
      }
    },
    "homebrew-cask": {
      "flake": false,
      "locked": {
        "lastModified": 1760463381,
        "narHash": "sha256-vNQZjFNWJPLpHvPY/oUHQmHV2cW2sW1Wv95LDdxo9zY=",
        "owner": "homebrew",
        "repo": "homebrew-cask",
        "rev": "f7fd356fe7d4824c515289104334f3e1b143b87e",
        "type": "github"
      },
      "original": {
        "owner": "homebrew",
        "repo": "homebrew-cask",
        "type": "github"
      }
    },
    "homebrew-core": {
      "flake": false,
      "locked": {
        "lastModified": 1760463322,
        "narHash": "sha256-z/+BL0kWyDfNcRhoIV8RjJ/A7um0BX/topJ6xueRMIE=",
        "owner": "homebrew",
        "repo": "homebrew-core",
        "rev": "dc5ca340d6ce449bc55d3534cd410160a53aefab",
        "type": "github"
      },
      "original": {
        "owner": "homebrew",
        "repo": "homebrew-core",
        "type": "github"
      }
    },
    "libnbtplusplus": {
      "flake": false,
      "locked": {
        "lastModified": 1699286814,
        "narHash": "sha256-yy0q+bky80LtK1GWzz7qpM+aAGrOqLuewbid8WT1ilk=",
        "owner": "PrismLauncher",
        "repo": "libnbtplusplus",
        "rev": "23b955121b8217c1c348a9ed2483167a6f3ff4ad",
        "type": "github"
      },
      "original": {
        "owner": "PrismLauncher",
        "repo": "libnbtplusplus",
        "type": "github"
      }
    },
    "nix-homebrew": {
      "inputs": {
        "brew-src": "brew-src"
      },
      "locked": {
        "lastModified": 1758598228,
        "narHash": "sha256-qr60maXGbZ4FX5tejPRI3nr0bnRTnZ3AbbbfO6/6jq4=",
        "owner": "zhaofengli",
        "repo": "nix-homebrew",
        "rev": "f36e5db56e117f7df701ab152d0d2036ea85218c",
        "type": "github"
      },
      "original": {
        "owner": "zhaofengli",
        "repo": "nix-homebrew",
        "type": "github"
      }
    },
    "nixpkgs": {
      "locked": {
        "lastModified": 1760349414,
        "narHash": "sha256-W4Ri1ZwYuNcBzqQQa7NnWfrv0wHMo7rduTWjIeU9dZk=",
        "owner": "nixos",
        "repo": "nixpkgs",
        "rev": "c12c63cd6c5eb34c7b4c3076c6a99e00fcab86ec",
        "type": "github"
      },
      "original": {
        "owner": "nixos",
        "ref": "nixpkgs-unstable",
        "repo": "nixpkgs",
        "type": "github"
      }
    },
    "nixpkgs_2": {
      "locked": {
        "lastModified": 1760284886,
        "narHash": "sha256-TK9Kr0BYBQ/1P5kAsnNQhmWWKgmZXwUQr4ZMjCzWf2c=",
        "owner": "nixos",
        "repo": "nixpkgs",
        "rev": "cf3f5c4def3c7b5f1fc012b3d839575dbe552d43",
        "type": "github"
      },
      "original": {
        "owner": "nixos",
        "ref": "nixos-unstable",
        "repo": "nixpkgs",
        "type": "github"
      }
    },
    "nur": {
      "inputs": {
        "flake-parts": "flake-parts",
        "nixpkgs": "nixpkgs_2"
      },
      "locked": {
        "lastModified": 1760461071,
        "narHash": "sha256-joeTd1qMXKyH2/b7IdpsxYxHBaTA/SpG5DlDhyKyu8o=",
        "owner": "nix-community",
        "repo": "NUR",
        "rev": "713934db0608d673f96c881ce41377843deeed89",
        "type": "github"
      },
      "original": {
        "owner": "nix-community",
        "repo": "NUR",
        "type": "github"
      }
    },
    "root": {
      "inputs": {
        "darwin": "darwin",
        "disko": "disko",
        "fjordlauncher": "fjordlauncher",
        "home-manager": "home-manager",
        "homebrew-cask": "homebrew-cask",
        "homebrew-core": "homebrew-core",
        "nix-homebrew": "nix-homebrew",
        "nixpkgs": "nixpkgs",
        "nur": "nur",
        "unmojang": "unmojang",
        "zen-browser": "zen-browser"
      }
    },
    "unmojang": {
      "flake": false,
      "locked": {
        "lastModified": 1757438690,
        "narHash": "sha256-DVvqys/XrBn0C9nLZzFzrh12cgYQX/flmao5SslZlOs=",
        "owner": "unmojang",
        "repo": "homebrew-unmojang",
        "rev": "17814a3329faed6d57970d0867da1514508d0d63",
        "type": "github"
      },
      "original": {
        "owner": "unmojang",
        "repo": "homebrew-unmojang",
        "type": "github"
      }
    },
    "zen-browser": {
      "inputs": {
        "home-manager": "home-manager_2",
        "nixpkgs": [
          "nixpkgs"
        ]
      },
      "locked": {
        "lastModified": 1760426393,
        "narHash": "sha256-wKiqhDgXwicdVNSJGwJPeTxnNPhzKcy9RqptzFcdFe4=",
        "owner": "0xc000022070",
        "repo": "zen-browser-flake",
        "rev": "0618a22e6fb6f13181807f0e14087192d459b2a0",
        "type": "github"
      },
      "original": {
        "owner": "0xc000022070",
        "repo": "zen-browser-flake",
        "type": "github"
      }
    }
  },
  "root": "root",
  "version": 7
}
